
Microsoft Visual Studio Solution File, Format Version 12.00
# Visual Studio Version 17
VisualStudioVersion = 17.11.35222.181
MinimumVisualStudioVersion = 10.0.40219.1
Project("{FAE04EC0-301F-11D3-BF4B-00C04F79EFBC}") = "KursachIT", "KursachIT\KursachIT.csproj", "{D3915A89-60CC-4938-92D1-2E29669981B7}"
EndProject
Global
	GlobalSection(SolutionConfigurationPlatforms) = preSolution
		Debug|Any CPU = Debug|Any CPU
		Release|Any CPU = Release|Any CPU
	EndGlobalSection
	GlobalSection(ProjectConfigurationPlatforms) = postSolution
		{D3915A89-60CC-4938-92D1-2E29669981B7}.Debug|Any CPU.ActiveCfg = Debug|Any CPU
		{D3915A89-60CC-4938-92D1-2E29669981B7}.Debug|Any CPU.Build.0 = Debug|Any CPU
		{D3915A89-60CC-4938-92D1-2E29669981B7}.Release|Any CPU.ActiveCfg = Release|Any CPU
		{D3915A89-60CC-4938-92D1-2E29669981B7}.Release|Any CPU.Build.0 = Release|Any CPU
	EndGlobalSection
	GlobalSection(SolutionProperties) = preSolution
		HideSolutionNode = FALSE
	EndGlobalSection
	GlobalSection(ExtensibilityGlobals) = postSolution
		SolutionGuid = {443253D5-AF9B-44D7-8EAB-16D22DA4A738}
	EndGlobalSection
EndGlobal
